
Microsoft Visual Studio Solution File, Format Version 12.00
# Visual Studio Version 17
VisualStudioVersion = 17.10.35027.167
MinimumVisualStudioVersion = 10.0.40219.1
Project("{FAE04EC0-301F-11D3-BF4B-00C04F79EFBC}") = "testbots", "testbots\testbots.csproj", "{2480E968-D147-4B21-A4E6-9254FAA2A2C4}"
EndProject
Project("{FAE04EC0-301F-11D3-BF4B-00C04F79EFBC}") = "testbots.DAL", "testbot.DAL\testbots.DAL.csproj", "{F7BDDB76-762C-4086-9B73-60B3FEDFAB97}"
EndProject
Global
	GlobalSection(SolutionConfigurationPlatforms) = preSolution
		Debug|Any CPU = Debug|Any CPU
		Release|Any CPU = Release|Any CPU
	EndGlobalSection
	GlobalSection(ProjectConfigurationPlatforms) = postSolution
		{2480E968-D147-4B21-A4E6-9254FAA2A2C4}.Debug|Any CPU.ActiveCfg = Debug|Any CPU
		{2480E968-D147-4B21-A4E6-9254FAA2A2C4}.Debug|Any CPU.Build.0 = Debug|Any CPU
		{2480E968-D147-4B21-A4E6-9254FAA2A2C4}.Release|Any CPU.ActiveCfg = Release|Any CPU
		{2480E968-D147-4B21-A4E6-9254FAA2A2C4}.Release|Any CPU.Build.0 = Release|Any CPU
		{F7BDDB76-762C-4086-9B73-60B3FEDFAB97}.Debug|Any CPU.ActiveCfg = Debug|Any CPU
		{F7BDDB76-762C-4086-9B73-60B3FEDFAB97}.Debug|Any CPU.Build.0 = Debug|Any CPU
		{F7BDDB76-762C-4086-9B73-60B3FEDFAB97}.Release|Any CPU.ActiveCfg = Release|Any CPU
		{F7BDDB76-762C-4086-9B73-60B3FEDFAB97}.Release|Any CPU.Build.0 = Release|Any CPU
	EndGlobalSection
	GlobalSection(SolutionProperties) = preSolution
		HideSolutionNode = FALSE
	EndGlobalSection
	GlobalSection(ExtensibilityGlobals) = postSolution
		SolutionGuid = {903F8643-2A9D-48DE-AAE3-7CA7C0816FFF}
	EndGlobalSection
EndGlobal
